// !$*UTF8*$!
{
	archiveVersion = 1;
	classes = {
	};
	objectVersion = 46;
	objects = {

/* Begin PBXBuildFile section */
		101B67941F6FA099009D81EF /* main.m in Sources */ = {isa = PBXBuildFile; fileRef = 101B67931F6FA099009D81EF /* main.m */; };
		101B67971F6FA099009D81EF /* AppDelegate.m in Sources */ = {isa = PBXBuildFile; fileRef = 101B67961F6FA099009D81EF /* AppDelegate.m */; };
		101B679A1F6FA099009D81EF /* ViewController.m in Sources */ = {isa = PBXBuildFile; fileRef = 101B67991F6FA099009D81EF /* ViewController.m */; };
		101B679D1F6FA099009D81EF /* Main.storyboard in Resources */ = {isa = PBXBuildFile; fileRef = 101B679B1F6FA099009D81EF /* Main.storyboard */; };
		101B679F1F6FA099009D81EF /* Assets.xcassets in Resources */ = {isa = PBXBuildFile; fileRef = 101B679E1F6FA099009D81EF /* Assets.xcassets */; };
		101B67A21F6FA099009D81EF /* LaunchScreen.storyboard in Resources */ = {isa = PBXBuildFile; fileRef = 101B67A01F6FA099009D81EF /* LaunchScreen.storyboard */; };
		101B67B41F6FA204009D81EF /* RLBaseView.m in Sources */ = {isa = PBXBuildFile; fileRef = 101B67B11F6FA204009D81EF /* RLBaseView.m */; };
		101B67B51F6FA204009D81EF /* RLDataPicker.m in Sources */ = {isa = PBXBuildFile; fileRef = 101B67B31F6FA204009D81EF /* RLDataPicker.m */; };
		101B67B81F6FA6D8009D81EF /* RLDateHelper.m in Sources */ = {isa = PBXBuildFile; fileRef = 101B67B71F6FA6D8009D81EF /* RLDateHelper.m */; };
/* End PBXBuildFile section */

/* Begin PBXFileReference section */
		101B678F1F6FA099009D81EF /* RLDataPicker.app */ = {isa = PBXFileReference; explicitFileType = wrapper.application; includeInIndex = 0; path = RLDataPicker.app; sourceTree = BUILT_PRODUCTS_DIR; };
		101B67931F6FA099009D81EF /* main.m */ = {isa = PBXFileReference; lastKnownFileType = sourcecode.c.objc; path = main.m; sourceTree = "<group>"; };
		101B67951F6FA099009D81EF /* AppDelegate.h */ = {isa = PBXFileReference; lastKnownFileType = sourcecode.c.h; path = AppDelegate.h; sourceTree = "<group>"; };
		101B67961F6FA099009D81EF /* AppDelegate.m */ = {isa = PBXFileReference; lastKnownFileType = sourcecode.c.objc; path = AppDelegate.m; sourceTree = "<group>"; };
		101B67981F6FA099009D81EF /* ViewController.h */ = {isa = PBXFileReference; lastKnownFileType = sourcecode.c.h; path = ViewController.h; sourceTree = "<group>"; };
		101B67991F6FA099009D81EF /* ViewController.m */ = {isa = PBXFileReference; lastKnownFileType = sourcecode.c.objc; path = ViewController.m; sourceTree = "<group>"; };
		101B679C1F6FA099009D81EF /* Base */ = {isa = PBXFileReference; lastKnownFileType = file.storyboard; name = Base; path = Base.lproj/Main.storyboard; sourceTree = "<group>"; };
		101B679E1F6FA099009D81EF /* Assets.xcassets */ = {isa = PBXFileReference; lastKnownFileType = folder.assetcatalog; path = Assets.xcassets; sourceTree = "<group>"; };
		101B67A11F6FA099009D81EF /* Base */ = {isa = PBXFileReference; lastKnownFileType = file.storyboard; name = Base; path = Base.lproj/LaunchScreen.storyboard; sourceTree = "<group>"; };
		101B67A31F6FA099009D81EF /* Info.plist */ = {isa = PBXFileReference; lastKnownFileType = text.plist.xml; path = Info.plist; sourceTree = "<group>"; };
		101B67B01F6FA204009D81EF /* RLBaseView.h */ = {isa = PBXFileReference; fileEncoding = 4; lastKnownFileType = sourcecode.c.h; path = RLBaseView.h; sourceTree = "<group>"; };
		101B67B11F6FA204009D81EF /* RLBaseView.m */ = {isa = PBXFileReference; fileEncoding = 4; lastKnownFileType = sourcecode.c.objc; path = RLBaseView.m; sourceTree = "<group>"; };
		101B67B21F6FA204009D81EF /* RLDataPicker.h */ = {isa = PBXFileReference; fileEncoding = 4; lastKnownFileType = sourcecode.c.h; path = RLDataPicker.h; sourceTree = "<group>"; };
		101B67B31F6FA204009D81EF /* RLDataPicker.m */ = {isa = PBXFileReference; fileEncoding = 4; lastKnownFileType = sourcecode.c.objc; path = RLDataPicker.m; sourceTree = "<group>"; };
		101B67B61F6FA6D8009D81EF /* RLDateHelper.h */ = {isa = PBXFileReference; fileEncoding = 4; lastKnownFileType = sourcecode.c.h; path = RLDateHelper.h; sourceTree = "<group>"; };
		101B67B71F6FA6D8009D81EF /* RLDateHelper.m */ = {isa = PBXFileReference; fileEncoding = 4; lastKnownFileType = sourcecode.c.objc; path = RLDateHelper.m; sourceTree = "<group>"; };
/* End PBXFileReference section */

/* Begin PBXFrameworksBuildPhase section */
		101B678C1F6FA099009D81EF /* Frameworks */ = {
			isa = PBXFrameworksBuildPhase;
			buildActionMask = 2147483647;
			files = (
			);
			runOnlyForDeploymentPostprocessing = 0;
		};
/* End PBXFrameworksBuildPhase section */

/* Begin PBXGroup section */
		101B67861F6FA099009D81EF = {
			isa = PBXGroup;
			children = (
				101B67911F6FA099009D81EF /* RLDataPicker */,
				101B67901F6FA099009D81EF /* Products */,
			);
			sourceTree = "<group>";
		};
		101B67901F6FA099009D81EF /* Products */ = {
			isa = PBXGroup;
			children = (
				101B678F1F6FA099009D81EF /* RLDataPicker.app */,
			);
			name = Products;
			sourceTree = "<group>";
		};
		101B67911F6FA099009D81EF /* RLDataPicker */ = {
			isa = PBXGroup;
			children = (
				101B67AF1F6FA204009D81EF /* RLDataPicker */,
				101B67951F6FA099009D81EF /* AppDelegate.h */,
				101B67961F6FA099009D81EF /* AppDelegate.m */,
				101B67981F6FA099009D81EF /* ViewController.h */,
				101B67991F6FA099009D81EF /* ViewController.m */,
				101B679B1F6FA099009D81EF /* Main.storyboard */,
				101B679E1F6FA099009D81EF /* Assets.xcassets */,
				101B67A01F6FA099009D81EF /* LaunchScreen.storyboard */,
				101B67A31F6FA099009D81EF /* Info.plist */,
				101B67921F6FA099009D81EF /* Supporting Files */,
			);
			path = RLDataPicker;
			sourceTree = "<group>";
		};
		101B67921F6FA099009D81EF /* Supporting Files */ = {
			isa = PBXGroup;
			children = (
				101B67931F6FA099009D81EF /* main.m */,
			);
			name = "Supporting Files";
			sourceTree = "<group>";
		};
		101B67AF1F6FA204009D81EF /* RLDataPicker */ = {
			isa = PBXGroup;
			children = (
				101B67B01F6FA204009D81EF /* RLBaseView.h */,
				101B67B11F6FA204009D81EF /* RLBaseView.m */,
				101B67B21F6FA204009D81EF /* RLDataPicker.h */,
				101B67B31F6FA204009D81EF /* RLDataPicker.m */,
				101B67B61F6FA6D8009D81EF /* RLDateHelper.h */,
				101B67B71F6FA6D8009D81EF /* RLDateHelper.m */,
			);
			path = RLDataPicker;
			sourceTree = "<group>";
		};
/* End PBXGroup section */

/* Begin PBXNativeTarget section */
		101B678E1F6FA099009D81EF /* RLDataPicker */ = {
			isa = PBXNativeTarget;
			buildConfigurationList = 101B67A61F6FA099009D81EF /* Build configuration list for PBXNativeTarget "RLDataPicker" */;
			buildPhases = (
				101B678B1F6FA099009D81EF /* Sources */,
				101B678C1F6FA099009D81EF /* Frameworks */,
				101B678D1F6FA099009D81EF /* Resources */,
			);
			buildRules = (
			);
			dependencies = (
			);
			name = RLDataPicker;
			productName = RLDataPicker;
			productReference = 101B678F1F6FA099009D81EF /* RLDataPicker.app */;
			productType = "com.apple.product-type.application";
		};
/* End PBXNativeTarget section */

/* Begin PBXProject section */
		101B67871F6FA099009D81EF /* Project object */ = {
			isa = PBXProject;
			attributes = {
				LastUpgradeCheck = 0830;
				ORGANIZATIONNAME = mbp;
				TargetAttributes = {
					101B678E1F6FA099009D81EF = {
						CreatedOnToolsVersion = 8.3.3;
						ProvisioningStyle = Automatic;
					};
				};
			};
			buildConfigurationList = 101B678A1F6FA099009D81EF /* Build configuration list for PBXProject "RLDataPicker" */;
			compatibilityVersion = "Xcode 3.2";
			developmentRegion = English;
			hasScannedForEncodings = 0;
			knownRegions = (
				en,
				Base,
			);
			mainGroup = 101B67861F6FA099009D81EF;
			productRefGroup = 101B67901F6FA099009D81EF /* Products */;
			projectDirPath = "";
			projectRoot = "";
			targets = (
				101B678E1F6FA099009D81EF /* RLDataPicker */,
			);
		};
/* End PBXProject section */

/* Begin PBXResourcesBuildPhase section */
		101B678D1F6FA099009D81EF /* Resources */ = {
			isa = PBXResourcesBuildPhase;
			buildActionMask = 2147483647;
			files = (
				101B67A21F6FA099009D81EF /* LaunchScreen.storyboard in Resources */,
				101B679F1F6FA099009D81EF /* Assets.xcassets in Resources */,
				101B679D1F6FA099009D81EF /* Main.storyboard in Resources */,
			);
			runOnlyForDeploymentPostprocessing = 0;
		};
/* End PBXResourcesBuildPhase section */

/* Begin PBXSourcesBuildPhase section */
		101B678B1F6FA099009D81EF /* Sources */ = {
			isa = PBXSourcesBuildPhase;
			buildActionMask = 2147483647;
			files = (
				101B679A1F6FA099009D81EF /* ViewController.m in Sources */,
				101B67971F6FA099009D81EF /* AppDelegate.m in Sources */,
				101B67941F6FA099009D81EF /* main.m in Sources */,
				101B67B41F6FA204009D81EF /* RLBaseView.m in Sources */,
				101B67B51F6FA204009D81EF /* RLDataPicker.m in Sources */,
				101B67B81F6FA6D8009D81EF /* RLDateHelper.m in Sources */,
			);
			runOnlyForDeploymentPostprocessing = 0;
		};
/* End PBXSourcesBuildPhase section */

/* Begin PBXVariantGroup section */
		101B679B1F6FA099009D81EF /* Main.storyboard */ = {
			isa = PBXVariantGroup;
			children = (
				101B679C1F6FA099009D81EF /* Base */,
			);
			name = Main.storyboard;
			sourceTree = "<group>";
		};
		101B67A01F6FA099009D81EF /* LaunchScreen.storyboard */ = {
			isa = PBXVariantGroup;
			children = (
				101B67A11F6FA099009D81EF /* Base */,
			);
			name = LaunchScreen.storyboard;
			sourceTree = "<group>";
		};
/* End PBXVariantGroup section */

/* Begin XCBuildConfiguration section */
		101B67A41F6FA099009D81EF /* Debug */ = {
			isa = XCBuildConfiguration;
			buildSettings = {
				ALWAYS_SEARCH_USER_PATHS = NO;
				CLANG_ANALYZER_NONNULL = YES;
				CLANG_ANALYZER_NUMBER_OBJECT_CONVERSION = YES_AGGRESSIVE;
				CLANG_CXX_LANGUAGE_STANDARD = "gnu++0x";
				CLANG_CXX_LIBRARY = "libc++";
				CLANG_ENABLE_MODULES = YES;
				CLANG_ENABLE_OBJC_ARC = YES;
				CLANG_WARN_BOOL_CONVERSION = YES;
				CLANG_WARN_CONSTANT_CONVERSION = YES;
				CLANG_WARN_DIRECT_OBJC_ISA_USAGE = YES_ERROR;
				CLANG_WARN_DOCUMENTATION_COMMENTS = YES;
				CLANG_WARN_EMPTY_BODY = YES;
				CLANG_WARN_ENUM_CONVERSION = YES;
				CLANG_WARN_INFINITE_RECURSION = YES;
				CLANG_WARN_INT_CONVERSION = YES;
				CLANG_WARN_OBJC_ROOT_CLASS = YES_ERROR;
				CLANG_WARN_SUSPICIOUS_MOVE = YES;
				CLANG_WARN_UNREACHABLE_CODE = YES;
				CLANG_WARN__DUPLICATE_METHOD_MATCH = YES;
				"CODE_SIGN_IDENTITY[sdk=iphoneos*]" = "iPhone Developer";
				COPY_PHASE_STRIP = NO;
				DEBUG_INFORMATION_FORMAT = dwarf;
				ENABLE_STRICT_OBJC_MSGSEND = YES;
				ENABLE_TESTABILITY = YES;
				GCC_C_LANGUAGE_STANDARD = gnu99;
				GCC_DYNAMIC_NO_PIC = NO;
				GCC_NO_COMMON_BLOCKS = YES;
				GCC_OPTIMIZATION_LEVEL = 0;
				GCC_PREPROCESSOR_DEFINITIONS = (
					"DEBUG=1",
					"$(inherited)",
				);
				GCC_WARN_64_TO_32_BIT_CONVERSION = YES;
				GCC_WARN_ABOUT_RETURN_TYPE = YES_ERROR;
				GCC_WARN_UNDECLARED_SELECTOR = YES;
				GCC_WARN_UNINITIALIZED_AUTOS = YES_AGGRESSIVE;
				GCC_WARN_UNUSED_FUNCTION = YES;
				GCC_WARN_UNUSED_VARIABLE = YES;
				IPHONEOS_DEPLOYMENT_TARGET = 10.3;
				MTL_ENABLE_DEBUG_INFO = YES;
				ONLY_ACTIVE_ARCH = YES;
				SDKROOT = iphoneos;
			};
			name = Debug;
		};
		101B67A51F6FA099009D81EF /* Release */ = {
			isa = XCBuildConfiguration;
			buildSettings = {
				ALWAYS_SEARCH_USER_PATHS = NO;
				CLANG_ANALYZER_NONNULL = YES;
				CLANG_ANALYZER_NUMBER_OBJECT_CONVERSION = YES_AGGRESSIVE;
				CLANG_CXX_LANGUAGE_STANDARD = "gnu++0x";
				CLANG_CXX_LIBRARY = "libc++";
				CLANG_ENABLE_MODULES = YES;
				CLANG_ENABLE_OBJC_ARC = YES;
				CLANG_WARN_BOOL_CONVERSION = YES;
				CLANG_WARN_CONSTANT_CONVERSION = YES;
				CLANG_WARN_DIRECT_OBJC_ISA_USAGE = YES_ERROR;
				CLANG_WARN_DOCUMENTATION_COMMENTS = YES;
				CLANG_WARN_EMPTY_BODY = YES;
				CLANG_WARN_ENUM_CONVERSION = YES;
				CLANG_WARN_INFINITE_RECURSION = YES;
				CLANG_WARN_INT_CONVERSION = YES;
				CLANG_WARN_OBJC_ROOT_CLASS = YES_ERROR;
				CLANG_WARN_SUSPICIOUS_MOVE = YES;
				CLANG_WARN_UNREACHABLE_CODE = YES;
				CLANG_WARN__DUPLICATE_METHOD_MATCH = YES;
				"CODE_SIGN_IDENTITY[sdk=iphoneos*]" = "iPhone Developer";
				COPY_PHASE_STRIP = NO;
				DEBUG_INFORMATION_FORMAT = "dwarf-with-dsym";
				ENABLE_NS_ASSERTIONS = NO;
				ENABLE_STRICT_OBJC_MSGSEND = YES;
				GCC_C_LANGUAGE_STANDARD = gnu99;
				GCC_NO_COMMON_BLOCKS = YES;
				GCC_WARN_64_TO_32_BIT_CONVERSION = YES;
				GCC_WARN_ABOUT_RETURN_TYPE = YES_ERROR;
				GCC_WARN_UNDECLARED_SELECTOR = YES;
				GCC_WARN_UNINITIALIZED_AUTOS = YES_AGGRESSIVE;
				GCC_WARN_UNUSED_FUNCTION = YES;
				GCC_WARN_UNUSED_VARIABLE = YES;
				IPHONEOS_DEPLOYMENT_TARGET = 10.3;
				MTL_ENABLE_DEBUG_INFO = NO;
				SDKROOT = iphoneos;
				VALIDATE_PRODUCT = YES;
			};
			name = Release;
		};
		101B67A71F6FA099009D81EF /* Debug */ = {
			isa = XCBuildConfiguration;
			buildSettings = {
				ASSETCATALOG_COMPILER_APPICON_NAME = AppIcon;
				INFOPLIST_FILE = RLDataPicker/Info.plist;
				LD_RUNPATH_SEARCH_PATHS = "$(inherited) @executable_path/Frameworks";
				PRODUCT_BUNDLE_IDENTIFIER = com.lwq.RLDataPicker;
				PRODUCT_NAME = "$(TARGET_NAME)";
			};
			name = Debug;
		};
		101B67A81F6FA099009D81EF /* Release */ = {
			isa = XCBuildConfiguration;
			buildSettings = {
				ASSETCATALOG_COMPILER_APPICON_NAME = AppIcon;
				INFOPLIST_FILE = RLDataPicker/Info.plist;
				LD_RUNPATH_SEARCH_PATHS = "$(inherited) @executable_path/Frameworks";
				PRODUCT_BUNDLE_IDENTIFIER = com.lwq.RLDataPicker;
				PRODUCT_NAME = "$(TARGET_NAME)";
			};
			name = Release;
		};
/* End XCBuildConfiguration section */

/* Begin XCConfigurationList section */
		101B678A1F6FA099009D81EF /* Build configuration list for PBXProject "RLDataPicker" */ = {
			isa = XCConfigurationList;
			buildConfigurations = (
				101B67A41F6FA099009D81EF /* Debug */,
				101B67A51F6FA099009D81EF /* Release */,
			);
			defaultConfigurationIsVisible = 0;
			defaultConfigurationName = Release;
		};
		101B67A61F6FA099009D81EF /* Build configuration list for PBXNativeTarget "RLDataPicker" */ = {
			isa = XCConfigurationList;
			buildConfigurations = (
				101B67A71F6FA099009D81EF /* Debug */,
				101B67A81F6FA099009D81EF /* Release */,
			);
			defaultConfigurationIsVisible = 0;
			defaultConfigurationName = Release;
		};
/* End XCConfigurationList section */
	};
	rootObject = 101B67871F6FA099009D81EF /* Project object */;
}
